// !$*UTF8*$!
{
	archiveVersion = 1;
	classes = {
	};
	objectVersion = 46;
	objects = {

/* Begin PBXBuildFile section */
		9BCEDD191EA39A7400608DAE /* main.m in Sources */ = {isa = PBXBuildFile; fileRef = 9BCEDD181EA39A7400608DAE /* main.m */; };
		9BCEDD1C1EA39A7400608DAE /* AppDelegate.m in Sources */ = {isa = PBXBuildFile; fileRef = 9BCEDD1B1EA39A7400608DAE /* AppDelegate.m */; };
		9BCEDD1F1EA39A7400608DAE /* ViewController.m in Sources */ = {isa = PBXBuildFile; fileRef = 9BCEDD1E1EA39A7400608DAE /* ViewController.m */; };
		9BCEDD221EA39A7400608DAE /* Main.storyboard in Resources */ = {isa = PBXBuildFile; fileRef = 9BCEDD201EA39A7400608DAE /* Main.storyboard */; };
		9BCEDD241EA39A7400608DAE /* Assets.xcassets in Resources */ = {isa = PBXBuildFile; fileRef = 9BCEDD231EA39A7400608DAE /* Assets.xcassets */; };
		9BCEDD271EA39A7400608DAE /* LaunchScreen.storyboard in Resources */ = {isa = PBXBuildFile; fileRef = 9BCEDD251EA39A7400608DAE /* LaunchScreen.storyboard */; };
		9BCEDD301EA39AE000608DAE /* wjLocationTransform.m in Sources */ = {isa = PBXBuildFile; fileRef = 9BCEDD2F1EA39AE000608DAE /* wjLocationTransform.m */; };
/* End PBXBuildFile section */

/* Begin PBXFileReference section */
		9BCEDD141EA39A7400608DAE /* wjSimulateLocation.app */ = {isa = PBXFileReference; explicitFileType = wrapper.application; includeInIndex = 0; path = wjSimulateLocation.app; sourceTree = BUILT_PRODUCTS_DIR; };
		9BCEDD181EA39A7400608DAE /* main.m */ = {isa = PBXFileReference; lastKnownFileType = sourcecode.c.objc; path = main.m; sourceTree = "<group>"; };
		9BCEDD1A1EA39A7400608DAE /* AppDelegate.h */ = {isa = PBXFileReference; lastKnownFileType = sourcecode.c.h; path = AppDelegate.h; sourceTree = "<group>"; };
		9BCEDD1B1EA39A7400608DAE /* AppDelegate.m */ = {isa = PBXFileReference; lastKnownFileType = sourcecode.c.objc; path = AppDelegate.m; sourceTree = "<group>"; };
		9BCEDD1D1EA39A7400608DAE /* ViewController.h */ = {isa = PBXFileReference; lastKnownFileType = sourcecode.c.h; path = ViewController.h; sourceTree = "<group>"; };
		9BCEDD1E1EA39A7400608DAE /* ViewController.m */ = {isa = PBXFileReference; lastKnownFileType = sourcecode.c.objc; path = ViewController.m; sourceTree = "<group>"; };
		9BCEDD211EA39A7400608DAE /* Base */ = {isa = PBXFileReference; lastKnownFileType = file.storyboard; name = Base; path = Base.lproj/Main.storyboard; sourceTree = "<group>"; };
		9BCEDD231EA39A7400608DAE /* Assets.xcassets */ = {isa = PBXFileReference; lastKnownFileType = folder.assetcatalog; path = Assets.xcassets; sourceTree = "<group>"; };
		9BCEDD261EA39A7400608DAE /* Base */ = {isa = PBXFileReference; lastKnownFileType = file.storyboard; name = Base; path = Base.lproj/LaunchScreen.storyboard; sourceTree = "<group>"; };
		9BCEDD281EA39A7400608DAE /* Info.plist */ = {isa = PBXFileReference; lastKnownFileType = text.plist.xml; path = Info.plist; sourceTree = "<group>"; };
		9BCEDD2E1EA39AE000608DAE /* wjLocationTransform.h */ = {isa = PBXFileReference; fileEncoding = 4; lastKnownFileType = sourcecode.c.h; path = wjLocationTransform.h; sourceTree = "<group>"; };
		9BCEDD2F1EA39AE000608DAE /* wjLocationTransform.m */ = {isa = PBXFileReference; fileEncoding = 4; lastKnownFileType = sourcecode.c.objc; path = wjLocationTransform.m; sourceTree = "<group>"; };
		9BCEDD311EA39BE700608DAE /* Location.gpx */ = {isa = PBXFileReference; lastKnownFileType = text.xml; path = Location.gpx; sourceTree = "<group>"; };
/* End PBXFileReference section */

/* Begin PBXFrameworksBuildPhase section */
		9BCEDD111EA39A7400608DAE /* Frameworks */ = {
			isa = PBXFrameworksBuildPhase;
			buildActionMask = 2147483647;
			files = (
			);
			runOnlyForDeploymentPostprocessing = 0;
		};
/* End PBXFrameworksBuildPhase section */

/* Begin PBXGroup section */
		9BCEDD0B1EA39A7400608DAE = {
			isa = PBXGroup;
			children = (
				9BCEDD161EA39A7400608DAE /* wjSimulateLocation */,
				9BCEDD151EA39A7400608DAE /* Products */,
			);
			sourceTree = "<group>";
		};
		9BCEDD151EA39A7400608DAE /* Products */ = {
			isa = PBXGroup;
			children = (
				9BCEDD141EA39A7400608DAE /* wjSimulateLocation.app */,
			);
			name = Products;
			sourceTree = "<group>";
		};
		9BCEDD161EA39A7400608DAE /* wjSimulateLocation */ = {
			isa = PBXGroup;
			children = (
				9BCEDD1A1EA39A7400608DAE /* AppDelegate.h */,
				9BCEDD1B1EA39A7400608DAE /* AppDelegate.m */,
				9BCEDD1D1EA39A7400608DAE /* ViewController.h */,
				9BCEDD1E1EA39A7400608DAE /* ViewController.m */,
				9BCEDD311EA39BE700608DAE /* Location.gpx */,
				9BCEDD2E1EA39AE000608DAE /* wjLocationTransform.h */,
				9BCEDD2F1EA39AE000608DAE /* wjLocationTransform.m */,
				9BCEDD201EA39A7400608DAE /* Main.storyboard */,
				9BCEDD231EA39A7400608DAE /* Assets.xcassets */,
				9BCEDD251EA39A7400608DAE /* LaunchScreen.storyboard */,
				9BCEDD281EA39A7400608DAE /* Info.plist */,
				9BCEDD171EA39A7400608DAE /* Supporting Files */,
			);
			path = wjSimulateLocation;
			sourceTree = "<group>";
		};
		9BCEDD171EA39A7400608DAE /* Supporting Files */ = {
			isa = PBXGroup;
			children = (
				9BCEDD181EA39A7400608DAE /* main.m */,
			);
			name = "Supporting Files";
			sourceTree = "<group>";
		};
/* End PBXGroup section */

/* Begin PBXNativeTarget section */
		9BCEDD131EA39A7400608DAE /* wjSimulateLocation */ = {
			isa = PBXNativeTarget;
			buildConfigurationList = 9BCEDD2B1EA39A7400608DAE /* Build configuration list for PBXNativeTarget "wjSimulateLocation" */;
			buildPhases = (
				9BCEDD101EA39A7400608DAE /* Sources */,
				9BCEDD111EA39A7400608DAE /* Frameworks */,
				9BCEDD121EA39A7400608DAE /* Resources */,
			);
			buildRules = (
			);
			dependencies = (
			);
			name = wjSimulateLocation;
			productName = wjSimulateLocation;
			productReference = 9BCEDD141EA39A7400608DAE /* wjSimulateLocation.app */;
			productType = "com.apple.product-type.application";
		};
/* End PBXNativeTarget section */

/* Begin PBXProject section */
		9BCEDD0C1EA39A7400608DAE /* Project object */ = {
			isa = PBXProject;
			attributes = {
				LastUpgradeCheck = 0830;
				ORGANIZATIONNAME = wj;
				TargetAttributes = {
					9BCEDD131EA39A7400608DAE = {
						CreatedOnToolsVersion = 8.3.1;
						DevelopmentTeam = 6UK4NFK9JE;
						ProvisioningStyle = Automatic;
					};
				};
			};
			buildConfigurationList = 9BCEDD0F1EA39A7400608DAE /* Build configuration list for PBXProject "wjSimulateLocation" */;
			compatibilityVersion = "Xcode 3.2";
			developmentRegion = English;
			hasScannedForEncodings = 0;
			knownRegions = (
				en,
				Base,
			);
			mainGroup = 9BCEDD0B1EA39A7400608DAE;
			productRefGroup = 9BCEDD151EA39A7400608DAE /* Products */;
			projectDirPath = "";
			projectRoot = "";
			targets = (
				9BCEDD131EA39A7400608DAE /* wjSimulateLocation */,
			);
		};
/* End PBXProject section */

/* Begin PBXResourcesBuildPhase section */
		9BCEDD121EA39A7400608DAE /* Resources */ = {
			isa = PBXResourcesBuildPhase;
			buildActionMask = 2147483647;
			files = (
				9BCEDD271EA39A7400608DAE /* LaunchScreen.storyboard in Resources */,
				9BCEDD241EA39A7400608DAE /* Assets.xcassets in Resources */,
				9BCEDD221EA39A7400608DAE /* Main.storyboard in Resources */,
			);
			runOnlyForDeploymentPostprocessing = 0;
		};
/* End PBXResourcesBuildPhase section */

/* Begin PBXSourcesBuildPhase section */
		9BCEDD101EA39A7400608DAE /* Sources */ = {
			isa = PBXSourcesBuildPhase;
			buildActionMask = 2147483647;
			files = (
				9BCEDD1F1EA39A7400608DAE /* ViewController.m in Sources */,
				9BCEDD1C1EA39A7400608DAE /* AppDelegate.m in Sources */,
				9BCEDD301EA39AE000608DAE /* wjLocationTransform.m in Sources */,
				9BCEDD191EA39A7400608DAE /* main.m in Sources */,
			);
			runOnlyForDeploymentPostprocessing = 0;
		};
/* End PBXSourcesBuildPhase section */

/* Begin PBXVariantGroup section */
		9BCEDD201EA39A7400608DAE /* Main.storyboard */ = {
			isa = PBXVariantGroup;
			children = (
				9BCEDD211EA39A7400608DAE /* Base */,
			);
			name = Main.storyboard;
			sourceTree = "<group>";
		};
		9BCEDD251EA39A7400608DAE /* LaunchScreen.storyboard */ = {
			isa = PBXVariantGroup;
			children = (
				9BCEDD261EA39A7400608DAE /* Base */,
			);
			name = LaunchScreen.storyboard;
			sourceTree = "<group>";
		};
/* End PBXVariantGroup section */

/* Begin XCBuildConfiguration section */
		9BCEDD291EA39A7400608DAE /* Debug */ = {
			isa = XCBuildConfiguration;
			buildSettings = {
				ALWAYS_SEARCH_USER_PATHS = NO;
				CLANG_ANALYZER_NONNULL = YES;
				CLANG_ANALYZER_NUMBER_OBJECT_CONVERSION = YES_AGGRESSIVE;
				CLANG_CXX_LANGUAGE_STANDARD = "gnu++0x";
				CLANG_CXX_LIBRARY = "libc++";
				CLANG_ENABLE_MODULES = YES;
				CLANG_ENABLE_OBJC_ARC = YES;
				CLANG_WARN_BOOL_CONVERSION = YES;
				CLANG_WARN_CONSTANT_CONVERSION = YES;
				CLANG_WARN_DIRECT_OBJC_ISA_USAGE = YES_ERROR;
				CLANG_WARN_DOCUMENTATION_COMMENTS = YES;
				CLANG_WARN_EMPTY_BODY = YES;
				CLANG_WARN_ENUM_CONVERSION = YES;
				CLANG_WARN_INFINITE_RECURSION = YES;
				CLANG_WARN_INT_CONVERSION = YES;
				CLANG_WARN_OBJC_ROOT_CLASS = YES_ERROR;
				CLANG_WARN_SUSPICIOUS_MOVE = YES;
				CLANG_WARN_UNREACHABLE_CODE = YES;
				CLANG_WARN__DUPLICATE_METHOD_MATCH = YES;
				"CODE_SIGN_IDENTITY[sdk=iphoneos*]" = "iPhone Developer";
				COPY_PHASE_STRIP = NO;
				DEBUG_INFORMATION_FORMAT = dwarf;
				ENABLE_STRICT_OBJC_MSGSEND = YES;
				ENABLE_TESTABILITY = YES;
				GCC_C_LANGUAGE_STANDARD = gnu99;
				GCC_DYNAMIC_NO_PIC = NO;
				GCC_NO_COMMON_BLOCKS = YES;
				GCC_OPTIMIZATION_LEVEL = 0;
				GCC_PREPROCESSOR_DEFINITIONS = (
					"DEBUG=1",
					"$(inherited)",
				);
				GCC_WARN_64_TO_32_BIT_CONVERSION = YES;
				GCC_WARN_ABOUT_RETURN_TYPE = YES_ERROR;
				GCC_WARN_UNDECLARED_SELECTOR = YES;
				GCC_WARN_UNINITIALIZED_AUTOS = YES_AGGRESSIVE;
				GCC_WARN_UNUSED_FUNCTION = YES;
				GCC_WARN_UNUSED_VARIABLE = YES;
				IPHONEOS_DEPLOYMENT_TARGET = 10.3;
				MTL_ENABLE_DEBUG_INFO = YES;
				ONLY_ACTIVE_ARCH = YES;
				SDKROOT = iphoneos;
			};
			name = Debug;
		};
		9BCEDD2A1EA39A7400608DAE /* Release */ = {
			isa = XCBuildConfiguration;
			buildSettings = {
				ALWAYS_SEARCH_USER_PATHS = NO;
				CLANG_ANALYZER_NONNULL = YES;
				CLANG_ANALYZER_NUMBER_OBJECT_CONVERSION = YES_AGGRESSIVE;
				CLANG_CXX_LANGUAGE_STANDARD = "gnu++0x";
				CLANG_CXX_LIBRARY = "libc++";
				CLANG_ENABLE_MODULES = YES;
				CLANG_ENABLE_OBJC_ARC = YES;
				CLANG_WARN_BOOL_CONVERSION = YES;
				CLANG_WARN_CONSTANT_CONVERSION = YES;
				CLANG_WARN_DIRECT_OBJC_ISA_USAGE = YES_ERROR;
				CLANG_WARN_DOCUMENTATION_COMMENTS = YES;
				CLANG_WARN_EMPTY_BODY = YES;
				CLANG_WARN_ENUM_CONVERSION = YES;
				CLANG_WARN_INFINITE_RECURSION = YES;
				CLANG_WARN_INT_CONVERSION = YES;
				CLANG_WARN_OBJC_ROOT_CLASS = YES_ERROR;
				CLANG_WARN_SUSPICIOUS_MOVE = YES;
				CLANG_WARN_UNREACHABLE_CODE = YES;
				CLANG_WARN__DUPLICATE_METHOD_MATCH = YES;
				"CODE_SIGN_IDENTITY[sdk=iphoneos*]" = "iPhone Developer";
				COPY_PHASE_STRIP = NO;
				DEBUG_INFORMATION_FORMAT = "dwarf-with-dsym";
				ENABLE_NS_ASSERTIONS = NO;
				ENABLE_STRICT_OBJC_MSGSEND = YES;
				GCC_C_LANGUAGE_STANDARD = gnu99;
				GCC_NO_COMMON_BLOCKS = YES;
				GCC_WARN_64_TO_32_BIT_CONVERSION = YES;
				GCC_WARN_ABOUT_RETURN_TYPE = YES_ERROR;
				GCC_WARN_UNDECLARED_SELECTOR = YES;
				GCC_WARN_UNINITIALIZED_AUTOS = YES_AGGRESSIVE;
				GCC_WARN_UNUSED_FUNCTION = YES;
				GCC_WARN_UNUSED_VARIABLE = YES;
				IPHONEOS_DEPLOYMENT_TARGET = 10.3;
				MTL_ENABLE_DEBUG_INFO = NO;
				SDKROOT = iphoneos;
				VALIDATE_PRODUCT = YES;
			};
			name = Release;
		};
		9BCEDD2C1EA39A7400608DAE /* Debug */ = {
			isa = XCBuildConfiguration;
			buildSettings = {
				ASSETCATALOG_COMPILER_APPICON_NAME = AppIcon;
				DEVELOPMENT_TEAM = 6UK4NFK9JE;
				INFOPLIST_FILE = wjSimulateLocation/Info.plist;
				LD_RUNPATH_SEARCH_PATHS = "$(inherited) @executable_path/Frameworks";
				PRODUCT_BUNDLE_IDENTIFIER = com.test.wj.wjSimulateLocation;
				PRODUCT_NAME = "$(TARGET_NAME)";
			};
			name = Debug;
		};
		9BCEDD2D1EA39A7400608DAE /* Release */ = {
			isa = XCBuildConfiguration;
			buildSettings = {
				ASSETCATALOG_COMPILER_APPICON_NAME = AppIcon;
				DEVELOPMENT_TEAM = 6UK4NFK9JE;
				INFOPLIST_FILE = wjSimulateLocation/Info.plist;
				LD_RUNPATH_SEARCH_PATHS = "$(inherited) @executable_path/Frameworks";
				PRODUCT_BUNDLE_IDENTIFIER = com.test.wj.wjSimulateLocation;
				PRODUCT_NAME = "$(TARGET_NAME)";
			};
			name = Release;
		};
/* End XCBuildConfiguration section */

/* Begin XCConfigurationList section */
		9BCEDD0F1EA39A7400608DAE /* Build configuration list for PBXProject "wjSimulateLocation" */ = {
			isa = XCConfigurationList;
			buildConfigurations = (
				9BCEDD291EA39A7400608DAE /* Debug */,
				9BCEDD2A1EA39A7400608DAE /* Release */,
			);
			defaultConfigurationIsVisible = 0;
			defaultConfigurationName = Release;
		};
		9BCEDD2B1EA39A7400608DAE /* Build configuration list for PBXNativeTarget "wjSimulateLocation" */ = {
			isa = XCConfigurationList;
			buildConfigurations = (
				9BCEDD2C1EA39A7400608DAE /* Debug */,
				9BCEDD2D1EA39A7400608DAE /* Release */,
			);
			defaultConfigurationIsVisible = 0;
		};
/* End XCConfigurationList section */
	};
	rootObject = 9BCEDD0C1EA39A7400608DAE /* Project object */;
}
